
Microsoft Visual Studio Solution File, Format Version 12.00
# Visual Studio 2013
VisualStudioVersion = 12.0.30501.0
MinimumVisualStudioVersion = 10.0.40219.1
Project("{FAE04EC0-301F-11D3-BF4B-00C04F79EFBC}") = "WebshopAdmin", "WebshopAdmin\WebshopAdmin.csproj", "{E4242F60-6582-496C-A84C-31F4DCDE187B}"
EndProject
Project("{FAE04EC0-301F-11D3-BF4B-00C04F79EFBC}") = "Webshop", "Webshop\Webshop.csproj", "{AD91E57D-703A-41EA-A88B-2C7F741DB14C}"
EndProject
Project("{FAE04EC0-301F-11D3-BF4B-00C04F79EFBC}") = "UnitTestProject1", "UnitTestProject1\UnitTestProject1.csproj", "{936EAED7-E87A-4859-8C22-EFD0BEEFD3A0}"
EndProject
Global
	GlobalSection(SolutionConfigurationPlatforms) = preSolution
		Debug|Any CPU = Debug|Any CPU
		Release|Any CPU = Release|Any CPU
	EndGlobalSection
	GlobalSection(ProjectConfigurationPlatforms) = postSolution
		{E4242F60-6582-496C-A84C-31F4DCDE187B}.Debug|Any CPU.ActiveCfg = Debug|Any CPU
		{E4242F60-6582-496C-A84C-31F4DCDE187B}.Debug|Any CPU.Build.0 = Debug|Any CPU
		{E4242F60-6582-496C-A84C-31F4DCDE187B}.Release|Any CPU.ActiveCfg = Release|Any CPU
		{E4242F60-6582-496C-A84C-31F4DCDE187B}.Release|Any CPU.Build.0 = Release|Any CPU
		{AD91E57D-703A-41EA-A88B-2C7F741DB14C}.Debug|Any CPU.ActiveCfg = Debug|Any CPU
		{AD91E57D-703A-41EA-A88B-2C7F741DB14C}.Debug|Any CPU.Build.0 = Debug|Any CPU
		{AD91E57D-703A-41EA-A88B-2C7F741DB14C}.Release|Any CPU.ActiveCfg = Release|Any CPU
		{AD91E57D-703A-41EA-A88B-2C7F741DB14C}.Release|Any CPU.Build.0 = Release|Any CPU
		{936EAED7-E87A-4859-8C22-EFD0BEEFD3A0}.Debug|Any CPU.ActiveCfg = Debug|Any CPU
		{936EAED7-E87A-4859-8C22-EFD0BEEFD3A0}.Debug|Any CPU.Build.0 = Debug|Any CPU
		{936EAED7-E87A-4859-8C22-EFD0BEEFD3A0}.Release|Any CPU.ActiveCfg = Release|Any CPU
		{936EAED7-E87A-4859-8C22-EFD0BEEFD3A0}.Release|Any CPU.Build.0 = Release|Any CPU
	EndGlobalSection
	GlobalSection(SolutionProperties) = preSolution
		HideSolutionNode = FALSE
	EndGlobalSection
EndGlobal
